<?xml version="1.0" encoding="utf-8"?>
<Project ToolsVersion="4.0" xmlns="http://schemas.microsoft.com/developer/msbuild/2003">
  <ItemGroup>
    <Filter Include="源文件">
      <UniqueIdentifier>{4FC737F1-C7A5-4376-A066-2A32D752A2FF}</UniqueIdentifier>
      <Extensions>cpp;c;cc;cxx;def;odl;idl;hpj;bat;asm;asmx</Extensions>
    </Filter>
    <Filter Include="头文件">
      <UniqueIdentifier>{93995380-89BD-4b04-88EB-625FBE52EBFB}</UniqueIdentifier>
      <Extensions>h;hh;hpp;hxx;hm;inl;inc;xsd</Extensions>
    </Filter>
    <Filter Include="资源文件">
      <UniqueIdentifier>{67DA6AB6-F800-4c08-8B7A-83BB121AAD01}</UniqueIdentifier>
      <Extensions>rc;ico;cur;bmp;dlg;rc2;rct;bin;rgs;gif;jpg;jpeg;jpe;resx;tiff;tif;png;wav;mfcribbon-ms</Extensions>
    </Filter>
  </ItemGroup>
  <ItemGroup>
    <ClCompile Include="RenderConsole.cpp">
      <Filter>源文件</Filter>
    </ClCompile>
    <ClCompile Include="Tools\LoadShaders.cpp">
      <Filter>源文件</Filter>
    </ClCompile>
    <ClCompile Include="Math\Matrix44.cpp">
      <Filter>源文件</Filter>
    </ClCompile>
    <ClCompile Include="Math\Quaternion.cpp">
      <Filter>源文件</Filter>
    </ClCompile>
    <ClCompile Include="Math\Vec3.cpp">
      <Filter>源文件</Filter>
    </ClCompile>
    <ClCompile Include="Math\Vec4.cpp">
      <Filter>源文件</Filter>
    </ClCompile>
    <ClCompile Include="Model\ObjModel.cpp">
      <Filter>源文件</Filter>
    </ClCompile>
    <ClCompile Include="Model\MyTGA.cpp">
      <Filter>源文件</Filter>
    </ClCompile>
    <ClCompile Include="Common\Camera.cpp">
      <Filter>源文件</Filter>
    </ClCompile>
    <ClCompile Include="Model\Bitmap.cpp">
      <Filter>源文件</Filter>
    </ClCompile>
    <ClCompile Include="Common\Texture.cpp">
      <Filter>源文件</Filter>
    </ClCompile>
    <ClCompile Include="Common\BaseApp.cpp">
      <Filter>源文件</Filter>
    </ClCompile>
    <ClCompile Include="Common\Light.cpp">
      <Filter>源文件</Filter>
    </ClCompile>
    <ClCompile Include="Model\Mesh.cpp">
      <Filter>源文件</Filter>
    </ClCompile>
    <ClCompile Include="Common\ShaderObject.cpp">
      <Filter>源文件</Filter>
    </ClCompile>
    <ClCompile Include="Common\FrameBufferObject.cpp">
      <Filter>源文件</Filter>
    </ClCompile>
    <ClCompile Include="Common\GeometryBufferObject.cpp">
      <Filter>源文件</Filter>
    </ClCompile>
  </ItemGroup>
  <ItemGroup>
    <ClInclude Include="Tools\LoadShaders.h">
      <Filter>头文件</Filter>
    </ClInclude>
    <ClInclude Include="Macros\glMacros.h">
      <Filter>头文件</Filter>
    </ClInclude>
    <ClInclude Include="Math\Matrix44.h">
      <Filter>头文件</Filter>
    </ClInclude>
    <ClInclude Include="Math\Quaternion.h">
      <Filter>头文件</Filter>
    </ClInclude>
    <ClInclude Include="Math\Vec3.h">
      <Filter>头文件</Filter>
    </ClInclude>
    <ClInclude Include="Math\Vec4.h">
      <Filter>头文件</Filter>
    </ClInclude>
    <ClInclude Include="Math\MathMacros.h">
      <Filter>头文件</Filter>
    </ClInclude>
    <ClInclude Include="Model\ObjModel.h">
      <Filter>头文件</Filter>
    </ClInclude>
    <ClInclude Include="Model\MyTGA.h">
      <Filter>头文件</Filter>
    </ClInclude>
    <ClInclude Include="Common\Camera.h">
      <Filter>头文件</Filter>
    </ClInclude>
    <ClInclude Include="Model\Bitmap.h">
      <Filter>头文件</Filter>
    </ClInclude>
    <ClInclude Include="Common\Texture.h">
      <Filter>头文件</Filter>
    </ClInclude>
    <ClInclude Include="Common\BaseApp.h">
      <Filter>头文件</Filter>
    </ClInclude>
    <ClInclude Include="Common\LightTechnique.h">
      <Filter>头文件</Filter>
    </ClInclude>
    <ClInclude Include="Common\Light.h">
      <Filter>头文件</Filter>
    </ClInclude>
    <ClInclude Include="Common\ThirdParty\stb_image\stb_image.h">
      <Filter>头文件</Filter>
    </ClInclude>
    <ClInclude Include="Common\ThirdParty\assimp\include\assimp\Compiler\poppack1.h">
      <Filter>头文件</Filter>
    </ClInclude>
    <ClInclude Include="Common\ThirdParty\assimp\include\assimp\Compiler\pstdint.h">
      <Filter>头文件</Filter>
    </ClInclude>
    <ClInclude Include="Common\ThirdParty\assimp\include\assimp\Compiler\pushpack1.h">
      <Filter>头文件</Filter>
    </ClInclude>
    <ClInclude Include="Common\ThirdParty\assimp\include\assimp\ai_assert.h">
      <Filter>头文件</Filter>
    </ClInclude>
    <ClInclude Include="Common\ThirdParty\assimp\include\assimp\anim.h">
      <Filter>头文件</Filter>
    </ClInclude>
    <ClInclude Include="Common\ThirdParty\assimp\include\assimp\camera.h">
      <Filter>头文件</Filter>
    </ClInclude>
    <ClInclude Include="Common\ThirdParty\assimp\include\assimp\cexport.h">
      <Filter>头文件</Filter>
    </ClInclude>
    <ClInclude Include="Common\ThirdParty\assimp\include\assimp\cfileio.h">
      <Filter>头文件</Filter>
    </ClInclude>
    <ClInclude Include="Common\ThirdParty\assimp\include\assimp\cimport.h">
      <Filter>头文件</Filter>
    </ClInclude>
    <ClInclude Include="Common\ThirdParty\assimp\include\assimp\color4.h">
      <Filter>头文件</Filter>
    </ClInclude>
    <ClInclude Include="Common\ThirdParty\assimp\include\assimp\config.h">
      <Filter>头文件</Filter>
    </ClInclude>
    <ClInclude Include="Common\ThirdParty\assimp\include\assimp\DefaultLogger.hpp">
      <Filter>头文件</Filter>
    </ClInclude>
    <ClInclude Include="Common\ThirdParty\assimp\include\assimp\defs.h">
      <Filter>头文件</Filter>
    </ClInclude>
    <ClInclude Include="Common\ThirdParty\assimp\include\assimp\Exporter.hpp">
      <Filter>头文件</Filter>
    </ClInclude>
    <ClInclude Include="Common\ThirdParty\assimp\include\assimp\Importer.hpp">
      <Filter>头文件</Filter>
    </ClInclude>
    <ClInclude Include="Common\ThirdParty\assimp\include\assimp\importerdesc.h">
      <Filter>头文件</Filter>
    </ClInclude>
    <ClInclude Include="Common\ThirdParty\assimp\include\assimp\IOStream.hpp">
      <Filter>头文件</Filter>
    </ClInclude>
    <ClInclude Include="Common\ThirdParty\assimp\include\assimp\IOSystem.hpp">
      <Filter>头文件</Filter>
    </ClInclude>
    <ClInclude Include="Common\ThirdParty\assimp\include\assimp\light.h">
      <Filter>头文件</Filter>
    </ClInclude>
    <ClInclude Include="Common\ThirdParty\assimp\include\assimp\Logger.hpp">
      <Filter>头文件</Filter>
    </ClInclude>
    <ClInclude Include="Common\ThirdParty\assimp\include\assimp\LogStream.hpp">
      <Filter>头文件</Filter>
    </ClInclude>
    <ClInclude Include="Common\ThirdParty\assimp\include\assimp\material.h">
      <Filter>头文件</Filter>
    </ClInclude>
    <ClInclude Include="Common\ThirdParty\assimp\include\assimp\matrix3x3.h">
      <Filter>头文件</Filter>
    </ClInclude>
    <ClInclude Include="Common\ThirdParty\assimp\include\assimp\matrix4x4.h">
      <Filter>头文件</Filter>
    </ClInclude>
    <ClInclude Include="Common\ThirdParty\assimp\include\assimp\mesh.h">
      <Filter>头文件</Filter>
    </ClInclude>
    <ClInclude Include="Common\ThirdParty\assimp\include\assimp\metadata.h">
      <Filter>头文件</Filter>
    </ClInclude>
    <ClInclude Include="Common\ThirdParty\assimp\include\assimp\NullLogger.hpp">
      <Filter>头文件</Filter>
    </ClInclude>
    <ClInclude Include="Common\ThirdParty\assimp\include\assimp\postprocess.h">
      <Filter>头文件</Filter>
    </ClInclude>
    <ClInclude Include="Common\ThirdParty\assimp\include\assimp\ProgressHandler.hpp">
      <Filter>头文件</Filter>
    </ClInclude>
    <ClInclude Include="Common\ThirdParty\assimp\include\assimp\quaternion.h">
      <Filter>头文件</Filter>
    </ClInclude>
    <ClInclude Include="Common\ThirdParty\assimp\include\assimp\scene.h">
      <Filter>头文件</Filter>
    </ClInclude>
    <ClInclude Include="Common\ThirdParty\assimp\include\assimp\texture.h">
      <Filter>头文件</Filter>
    </ClInclude>
    <ClInclude Include="Common\ThirdParty\assimp\include\assimp\types.h">
      <Filter>头文件</Filter>
    </ClInclude>
    <ClInclude Include="Common\ThirdParty\assimp\include\assimp\vector2.h">
      <Filter>头文件</Filter>
    </ClInclude>
    <ClInclude Include="Common\ThirdParty\assimp\include\assimp\vector3.h">
      <Filter>头文件</Filter>
    </ClInclude>
    <ClInclude Include="Common\ThirdParty\assimp\include\assimp\version.h">
      <Filter>头文件</Filter>
    </ClInclude>
    <ClInclude Include="Model\Mesh.h">
      <Filter>头文件</Filter>
    </ClInclude>
    <ClInclude Include="Common\ShaderObject.h">
      <Filter>头文件</Filter>
    </ClInclude>
    <ClInclude Include="Common\FrameBufferObject.h">
      <Filter>头文件</Filter>
    </ClInclude>
    <ClInclude Include="Common\GeometryBufferObject.h">
      <Filter>头文件</Filter>
    </ClInclude>
  </ItemGroup>
  <ItemGroup>
    <None Include="Common\ThirdParty\assimp\include\assimp\color4.inl">
      <Filter>头文件</Filter>
    </None>
    <None Include="Common\ThirdParty\assimp\include\assimp\material.inl">
      <Filter>头文件</Filter>
    </None>
    <None Include="Common\ThirdParty\assimp\include\assimp\matrix3x3.inl">
      <Filter>头文件</Filter>
    </None>
    <None Include="Common\ThirdParty\assimp\include\assimp\matrix4x4.inl">
      <Filter>头文件</Filter>
    </None>
    <None Include="Common\ThirdParty\assimp\include\assimp\quaternion.inl">
      <Filter>头文件</Filter>
    </None>
    <None Include="Common\ThirdParty\assimp\include\assimp\vector2.inl">
      <Filter>头文件</Filter>
    </None>
    <None Include="Common\ThirdParty\assimp\include\assimp\vector3.inl">
      <Filter>头文件</Filter>
    </None>
    <None Include="Assimp32.dll" />
    <None Include="renderVertexShader.vert" />
    <None Include="renderFragmentShader.frag" />
  </ItemGroup>
  <ItemGroup>
    <Library Include="assimp.lib" />
  </ItemGroup>
</Project>